// !$*UTF8*$!
{
	archiveVersion = 1;
	classes = {
	};
	objectVersion = 46;
	objects = {

/* Begin PBXBuildFile section */
		060C533B1B18F7C700463020 /* Banheiro.png in Resources */ = {isa = PBXBuildFile; fileRef = 060C53381B18F7C700463020 /* Banheiro.png */; };
		060C533C1B18F7C700463020 /* btnVoltar.png in Resources */ = {isa = PBXBuildFile; fileRef = 060C53391B18F7C700463020 /* btnVoltar.png */; };
		060C533D1B18F7C700463020 /* Sala.png in Resources */ = {isa = PBXBuildFile; fileRef = 060C533A1B18F7C700463020 /* Sala.png */; };
		060C53411B19054800463020 /* predios.png in Resources */ = {isa = PBXBuildFile; fileRef = 060C53401B19054800463020 /* predios.png */; };
		062743F91B1CD5BB0047D7BC /* LuzLustre.png in Resources */ = {isa = PBXBuildFile; fileRef = 062743F81B1CD5BB0047D7BC /* LuzLustre.png */; };
		062743FB1B1CD91B0047D7BC /* gota.png in Resources */ = {isa = PBXBuildFile; fileRef = 062743FA1B1CD91B0047D7BC /* gota.png */; };
		062743FD1B1CE39D0047D7BC /* portamicroondas.png in Resources */ = {isa = PBXBuildFile; fileRef = 062743FC1B1CE39D0047D7BC /* portamicroondas.png */; };
		062744011B1CF50F0047D7BC /* Cozinha.png in Resources */ = {isa = PBXBuildFile; fileRef = 062744001B1CF50F0047D7BC /* Cozinha.png */; };
		062744031B1E28CA0047D7BC /* Musica.mp3 in Resources */ = {isa = PBXBuildFile; fileRef = 062744021B1E28CA0047D7BC /* Musica.mp3 */; };
		062744061B1E2FA70047D7BC /* AVFoundation.framework in Frameworks */ = {isa = PBXBuildFile; fileRef = 062744051B1E2FA70047D7BC /* AVFoundation.framework */; };
		0627440C1B1E39DA0047D7BC /* Microwave.mp3 in Resources */ = {isa = PBXBuildFile; fileRef = 0627440B1B1E39DA0047D7BC /* Microwave.mp3 */; };
		0627440E1B1E3B010047D7BC /* click1.mp3 in Resources */ = {isa = PBXBuildFile; fileRef = 0627440D1B1E3B010047D7BC /* click1.mp3 */; };
		062744101B1E3C000047D7BC /* brilinho3.mp3 in Resources */ = {isa = PBXBuildFile; fileRef = 0627440F1B1E3C000047D7BC /* brilinho3.mp3 */; };
		062744141B1E45FE0047D7BC /* FridgeClose.mp3 in Resources */ = {isa = PBXBuildFile; fileRef = 062744131B1E45FE0047D7BC /* FridgeClose.mp3 */; };
		062744161B1E4A8C0047D7BC /* RadioOn.mp3 in Resources */ = {isa = PBXBuildFile; fileRef = 062744151B1E4A8C0047D7BC /* RadioOn.mp3 */; };
		0627441A1B1E4D3D0047D7BC /* RadioSHUTOFF.mp3 in Resources */ = {isa = PBXBuildFile; fileRef = 062744191B1E4D3D0047D7BC /* RadioSHUTOFF.mp3 */; };
		062744201B1E53B50047D7BC /* waterDropLoop.mp3 in Resources */ = {isa = PBXBuildFile; fileRef = 0627441F1B1E53B50047D7BC /* waterDropLoop.mp3 */; };
		06624E421B1CC64B003C0C03 /* CasaPersonagem.png in Resources */ = {isa = PBXBuildFile; fileRef = 06624E411B1CC64B003C0C03 /* CasaPersonagem.png */; };
		06624E441B1CD2FB003C0C03 /* geladeira.png in Resources */ = {isa = PBXBuildFile; fileRef = 06624E431B1CD2FB003C0C03 /* geladeira.png */; };
		066A2CD01B17918000A40DEC /* salaTeste.jpg in Resources */ = {isa = PBXBuildFile; fileRef = 066A2CCF1B17918000A40DEC /* salaTeste.jpg */; };
		066A2CD21B179D3200A40DEC /* quartoTeste.jpg in Resources */ = {isa = PBXBuildFile; fileRef = 066A2CD11B179D3200A40DEC /* quartoTeste.jpg */; };
		066A2CD41B179EB700A40DEC /* cozinhaTeste.jpg in Resources */ = {isa = PBXBuildFile; fileRef = 066A2CD31B179EB700A40DEC /* cozinhaTeste.jpg */; };
		0677F38C1B14F18600A9C10A /* FlorestaScene.swift in Sources */ = {isa = PBXBuildFile; fileRef = 0677F38B1B14F18600A9C10A /* FlorestaScene.swift */; };
		0677F3941B14FAE500A9C10A /* BanheiroItem.swift in Sources */ = {isa = PBXBuildFile; fileRef = 0677F3931B14FAE500A9C10A /* BanheiroItem.swift */; };
		0677F3A31B150CD800A9C10A /* banheiro.jpg in Resources */ = {isa = PBXBuildFile; fileRef = 0677F3A21B150CD800A9C10A /* banheiro.jpg */; };
		0677F3A51B150D2800A9C10A /* casa_placeholder.png in Resources */ = {isa = PBXBuildFile; fileRef = 0677F3A41B150D2800A9C10A /* casa_placeholder.png */; };
		0677F3A71B150D8000A9C10A /* banheiro.plist in Resources */ = {isa = PBXBuildFile; fileRef = 0677F3A61B150D8000A9C10A /* banheiro.plist */; };
		06AE40491B1784980072EF47 /* botVoltar.png in Resources */ = {isa = PBXBuildFile; fileRef = 06AE40481B1784980072EF47 /* botVoltar.png */; };
		06C1BCFB1B150F0F0012E0A9 /* CasaScene.swift in Sources */ = {isa = PBXBuildFile; fileRef = 0677F3811B14F03600A9C10A /* CasaScene.swift */; };
		06C1BCFC1B150F1A0012E0A9 /* FazendinhaScene.swift in Sources */ = {isa = PBXBuildFile; fileRef = 0677F3831B14F08F00A9C10A /* FazendinhaScene.swift */; };
		06C1BCFD1B150F1D0012E0A9 /* ArvoreScene.swift in Sources */ = {isa = PBXBuildFile; fileRef = 0677F3851B14F0BA00A9C10A /* ArvoreScene.swift */; };
		06C1BCFE1B150F200012E0A9 /* CidadeScene.swift in Sources */ = {isa = PBXBuildFile; fileRef = 0677F3871B14F13800A9C10A /* CidadeScene.swift */; };
		06C1BCFF1B150F220012E0A9 /* IndustriaScene.swift in Sources */ = {isa = PBXBuildFile; fileRef = 0677F3891B14F15D00A9C10A /* IndustriaScene.swift */; };
		06C1BD001B150F290012E0A9 /* GameStateDelegate.swift in Sources */ = {isa = PBXBuildFile; fileRef = 0677F39C1B14FDCC00A9C10A /* GameStateDelegate.swift */; };
		06FEF6471B1636B300EA7842 /* popup.png in Resources */ = {isa = PBXBuildFile; fileRef = 06FEF6461B1636B300EA7842 /* popup.png */; };
		4404C83A1B19164300B4872B /* menuCasa.png in Resources */ = {isa = PBXBuildFile; fileRef = 4404C8391B19164300B4872B /* menuCasa.png */; };
		4405CBD01B1DDDCE009407B5 /* barraProgresso1.png in Resources */ = {isa = PBXBuildFile; fileRef = 74AE2EA71B1CF8160006C332 /* barraProgresso1.png */; };
		441DC3E61B1CCD93005CA15F /* btnCheck.png in Resources */ = {isa = PBXBuildFile; fileRef = 441DC3E31B1CCD93005CA15F /* btnCheck.png */; };
		441DC3E71B1CCD93005CA15F /* btnComSom.png in Resources */ = {isa = PBXBuildFile; fileRef = 441DC3E41B1CCD93005CA15F /* btnComSom.png */; };
		441DC3E81B1CCD93005CA15F /* btnSemSom.png in Resources */ = {isa = PBXBuildFile; fileRef = 441DC3E51B1CCD93005CA15F /* btnSemSom.png */; };
		441DC3F01B1CEFFE005CA15F /* Bariol_Regular.otf in Resources */ = {isa = PBXBuildFile; fileRef = 441DC3EA1B1CE3AA005CA15F /* Bariol_Regular.otf */; };
		441DC3F11B1CF001005CA15F /* Bariol_Bold.otf in Resources */ = {isa = PBXBuildFile; fileRef = 441DC3E91B1CE3AA005CA15F /* Bariol_Bold.otf */; };
		444BE5A71B1726C800683BEA /* nuvem1.png in Resources */ = {isa = PBXBuildFile; fileRef = 444BE5A51B1726C800683BEA /* nuvem1.png */; };
		444BE5A81B1726C800683BEA /* nuvem2.png in Resources */ = {isa = PBXBuildFile; fileRef = 444BE5A61B1726C800683BEA /* nuvem2.png */; };
		444D55D31B1F664A00CD4515 /* splash.png in Resources */ = {isa = PBXBuildFile; fileRef = 444D55D21B1F664A00CD4515 /* splash.png */; };
		44553D3F1B1E268E000F78B8 /* missoes.plist in Resources */ = {isa = PBXBuildFile; fileRef = 44553D3E1B1E268E000F78B8 /* missoes.plist */; };
		44F68D9B1B138D900032B700 /* btnCasa.png in Resources */ = {isa = PBXBuildFile; fileRef = 44F68D9A1B138D900032B700 /* btnCasa.png */; };
		44F68D9D1B1390970032B700 /* btnArvore.png in Resources */ = {isa = PBXBuildFile; fileRef = 44F68D9C1B1390970032B700 /* btnArvore.png */; };
		44F68DA11B1395020032B700 /* btnIndustria.png in Resources */ = {isa = PBXBuildFile; fileRef = 44F68DA01B1395020032B700 /* btnIndustria.png */; };
		44F68DA31B13975F0032B700 /* btnSitio.png in Resources */ = {isa = PBXBuildFile; fileRef = 44F68DA21B13975F0032B700 /* btnSitio.png */; };
		44F68DA51B139C8E0032B700 /* btnFloresta.png in Resources */ = {isa = PBXBuildFile; fileRef = 44F68DA41B139C8E0032B700 /* btnFloresta.png */; };
		44F68DA71B139EBB0032B700 /* btnPredio.png in Resources */ = {isa = PBXBuildFile; fileRef = 44F68DA61B139EBB0032B700 /* btnPredio.png */; };
		44F68DA91B139FC70032B700 /* fumaca.png in Resources */ = {isa = PBXBuildFile; fileRef = 44F68DA81B139FC70032B700 /* fumaca.png */; };
		44F68DAC1B13CA6B0032B700 /* barraDeVidaMapa.png in Resources */ = {isa = PBXBuildFile; fileRef = 44F68DAA1B13CA6B0032B700 /* barraDeVidaMapa.png */; };
		44F68DAD1B13CA6B0032B700 /* mapa.png in Resources */ = {isa = PBXBuildFile; fileRef = 44F68DAB1B13CA6B0032B700 /* mapa.png */; };
		744AC5AF1B1E26F9009F6978 /* popupItem.png in Resources */ = {isa = PBXBuildFile; fileRef = 744AC5AE1B1E26F9009F6978 /* popupItem.png */; };
		745885921B1E68F50057741B /* popupFimMenina.png in Resources */ = {isa = PBXBuildFile; fileRef = 7458858B1B1E68F50057741B /* popupFimMenina.png */; };
		745885931B1E68F50057741B /* popupFim.png in Resources */ = {isa = PBXBuildFile; fileRef = 7458858C1B1E68F50057741B /* popupFim.png */; };
		745885941B1E68F50057741B /* popupItemMenina.png in Resources */ = {isa = PBXBuildFile; fileRef = 7458858D1B1E68F50057741B /* popupItemMenina.png */; };
		745885951B1E68F50057741B /* popupMissaoMenina.png in Resources */ = {isa = PBXBuildFile; fileRef = 7458858E1B1E68F50057741B /* popupMissaoMenina.png */; };
		745885961B1E68F50057741B /* popupMissao.png in Resources */ = {isa = PBXBuildFile; fileRef = 7458858F1B1E68F50057741B /* popupMissao.png */; };
		745885971B1E68F50057741B /* menina.png in Resources */ = {isa = PBXBuildFile; fileRef = 745885901B1E68F50057741B /* menina.png */; };
		745885981B1E68F50057741B /* menino.png in Resources */ = {isa = PBXBuildFile; fileRef = 745885911B1E68F50057741B /* menino.png */; };
		74A89D501B151C6B00581271 /* sala.plist in Resources */ = {isa = PBXBuildFile; fileRef = 74A89D4D1B151C6B00581271 /* sala.plist */; };
		74A89D511B151C6B00581271 /* quarto.plist in Resources */ = {isa = PBXBuildFile; fileRef = 74A89D4E1B151C6B00581271 /* quarto.plist */; };
		74A89D521B151C6B00581271 /* cozinha.plist in Resources */ = {isa = PBXBuildFile; fileRef = 74A89D4F1B151C6B00581271 /* cozinha.plist */; };
		74A89D561B151CA600581271 /* QuartoItem.swift in Sources */ = {isa = PBXBuildFile; fileRef = 74A89D531B151CA600581271 /* QuartoItem.swift */; };
		74A89D571B151CA600581271 /* SalaItem.swift in Sources */ = {isa = PBXBuildFile; fileRef = 74A89D541B151CA600581271 /* SalaItem.swift */; };
		74A89D581B151CA600581271 /* CozinhaItem.swift in Sources */ = {isa = PBXBuildFile; fileRef = 74A89D551B151CA600581271 /* CozinhaItem.swift */; };
		74AE2EAC1B1CF8160006C332 /* barraProgresso2.png in Resources */ = {isa = PBXBuildFile; fileRef = 74AE2EA81B1CF8160006C332 /* barraProgresso2.png */; };
		74AE2EAD1B1CF8160006C332 /* barraProgresso3.png in Resources */ = {isa = PBXBuildFile; fileRef = 74AE2EA91B1CF8160006C332 /* barraProgresso3.png */; };
		74AE2EAE1B1CF8160006C332 /* barraProgresso4.png in Resources */ = {isa = PBXBuildFile; fileRef = 74AE2EAA1B1CF8160006C332 /* barraProgresso4.png */; };
		74AE2EB31B1CF8320006C332 /* abajurSala.png in Resources */ = {isa = PBXBuildFile; fileRef = 74AE2EAF1B1CF8320006C332 /* abajurSala.png */; };
		74AE2EB41B1CF8320006C332 /* telaDaTv.png in Resources */ = {isa = PBXBuildFile; fileRef = 74AE2EB01B1CF8320006C332 /* telaDaTv.png */; };
		74AE2EB51B1CF8320006C332 /* bolinhaPS4.png in Resources */ = {isa = PBXBuildFile; fileRef = 74AE2EB11B1CF8320006C332 /* bolinhaPS4.png */; };
		74AE2EB61B1CF8320006C332 /* luzAbajur.png in Resources */ = {isa = PBXBuildFile; fileRef = 74AE2EB21B1CF8320006C332 /* luzAbajur.png */; };
		74AE2EB71B1CF96A0006C332 /* (null) in Resources */ = {isa = PBXBuildFile; };
		74C8B91E1B1D01000086C9D3 /* luzBanheiro.png in Resources */ = {isa = PBXBuildFile; fileRef = 74C8B91B1B1D01000086C9D3 /* luzBanheiro.png */; };
		74C8B91F1B1D01000086C9D3 /* protecaoLuzBanheiroDireita.png in Resources */ = {isa = PBXBuildFile; fileRef = 74C8B91C1B1D01000086C9D3 /* protecaoLuzBanheiroDireita.png */; };
		74C8B9201B1D01000086C9D3 /* ProtecaoLuzBanheiroEsquerda.png in Resources */ = {isa = PBXBuildFile; fileRef = 74C8B91D1B1D01000086C9D3 /* ProtecaoLuzBanheiroEsquerda.png */; };
		74C8B9221B1D126D0086C9D3 /* poca.png in Resources */ = {isa = PBXBuildFile; fileRef = 74C8B9211B1D126D0086C9D3 /* poca.png */; };
		74C8B9241B1D19450086C9D3 /* telaComputador.png in Resources */ = {isa = PBXBuildFile; fileRef = 74C8B9231B1D19450086C9D3 /* telaComputador.png */; };
		74C8B9261B1D1A390086C9D3 /* abajurQuarto.png in Resources */ = {isa = PBXBuildFile; fileRef = 74C8B9251B1D1A390086C9D3 /* abajurQuarto.png */; };
		74F815601B18FEEE007E0125 /* Quarto.png in Resources */ = {isa = PBXBuildFile; fileRef = 74F8155E1B18FEEE007E0125 /* Quarto.png */; };
		C01F79B31B13ABCB00F6FB78 /* SaveHandler.swift in Sources */ = {isa = PBXBuildFile; fileRef = C01F79B21B13ABCB00F6FB78 /* SaveHandler.swift */; };
		C02E0FCD1B1CE2CE009F88FC /* nota1.png in Resources */ = {isa = PBXBuildFile; fileRef = C02E0FC81B1CE2CE009F88FC /* nota1.png */; };
		C02E0FCE1B1CE2CE009F88FC /* nota2.png in Resources */ = {isa = PBXBuildFile; fileRef = C02E0FC91B1CE2CE009F88FC /* nota2.png */; };
		C02E0FCF1B1CE2CE009F88FC /* nota3.png in Resources */ = {isa = PBXBuildFile; fileRef = C02E0FCA1B1CE2CE009F88FC /* nota3.png */; };
		C02E0FD01B1CE2CE009F88FC /* nota4.png in Resources */ = {isa = PBXBuildFile; fileRef = C02E0FCB1B1CE2CE009F88FC /* nota4.png */; };
		C02E0FD11B1CE2CE009F88FC /* partitura.png in Resources */ = {isa = PBXBuildFile; fileRef = C02E0FCC1B1CE2CE009F88FC /* partitura.png */; };
		C08773B81B0E522800B4F5BF /* AppDelegate.swift in Sources */ = {isa = PBXBuildFile; fileRef = C08773B71B0E522800B4F5BF /* AppDelegate.swift */; };
		C08773BA1B0E522800B4F5BF /* GameScene.sks in Resources */ = {isa = PBXBuildFile; fileRef = C08773B91B0E522800B4F5BF /* GameScene.sks */; };
		C08773BC1B0E522800B4F5BF /* GameScene.swift in Sources */ = {isa = PBXBuildFile; fileRef = C08773BB1B0E522800B4F5BF /* GameScene.swift */; };
		C08773BE1B0E522800B4F5BF /* GameViewController.swift in Sources */ = {isa = PBXBuildFile; fileRef = C08773BD1B0E522800B4F5BF /* GameViewController.swift */; };
		C08773C11B0E522800B4F5BF /* Main.storyboard in Resources */ = {isa = PBXBuildFile; fileRef = C08773BF1B0E522800B4F5BF /* Main.storyboard */; };
		C08773C31B0E522800B4F5BF /* Images.xcassets in Resources */ = {isa = PBXBuildFile; fileRef = C08773C21B0E522800B4F5BF /* Images.xcassets */; };
		C08773C61B0E522800B4F5BF /* LaunchScreen.xib in Resources */ = {isa = PBXBuildFile; fileRef = C08773C41B0E522800B4F5BF /* LaunchScreen.xib */; };
		C08773D21B0E522800B4F5BF /* GalacssiTests.swift in Sources */ = {isa = PBXBuildFile; fileRef = C08773D11B0E522800B4F5BF /* GalacssiTests.swift */; };
		C08773DC1B0E5AAD00B4F5BF /* Save.swift in Sources */ = {isa = PBXBuildFile; fileRef = C08773DB1B0E5AAD00B4F5BF /* Save.swift */; };
/* End PBXBuildFile section */

/* Begin PBXContainerItemProxy section */
		C08773CC1B0E522800B4F5BF /* PBXContainerItemProxy */ = {
			isa = PBXContainerItemProxy;
			containerPortal = C08773AA1B0E522800B4F5BF /* Project object */;
			proxyType = 1;
			remoteGlobalIDString = C08773B11B0E522800B4F5BF;
			remoteInfo = Galacssi;
		};
/* End PBXContainerItemProxy section */

/* Begin PBXFileReference section */
		060C53381B18F7C700463020 /* Banheiro.png */ = {isa = PBXFileReference; lastKnownFileType = image.png; path = Banheiro.png; sourceTree = "<group>"; };
		060C53391B18F7C700463020 /* btnVoltar.png */ = {isa = PBXFileReference; lastKnownFileType = image.png; path = btnVoltar.png; sourceTree = "<group>"; };
		060C533A1B18F7C700463020 /* Sala.png */ = {isa = PBXFileReference; lastKnownFileType = image.png; path = Sala.png; sourceTree = "<group>"; };
		060C53401B19054800463020 /* predios.png */ = {isa = PBXFileReference; lastKnownFileType = image.png; path = predios.png; sourceTree = "<group>"; };
		062743F81B1CD5BB0047D7BC /* LuzLustre.png */ = {isa = PBXFileReference; lastKnownFileType = image.png; path = LuzLustre.png; sourceTree = "<group>"; };
		062743FA1B1CD91B0047D7BC /* gota.png */ = {isa = PBXFileReference; lastKnownFileType = image.png; path = gota.png; sourceTree = "<group>"; };
		062743FC1B1CE39D0047D7BC /* portamicroondas.png */ = {isa = PBXFileReference; lastKnownFileType = image.png; path = portamicroondas.png; sourceTree = "<group>"; };
		062744001B1CF50F0047D7BC /* Cozinha.png */ = {isa = PBXFileReference; lastKnownFileType = image.png; path = Cozinha.png; sourceTree = "<group>"; };
		062744021B1E28CA0047D7BC /* Musica.mp3 */ = {isa = PBXFileReference; lastKnownFileType = audio.mp3; path = Musica.mp3; sourceTree = "<group>"; };
		062744051B1E2FA70047D7BC /* AVFoundation.framework */ = {isa = PBXFileReference; lastKnownFileType = wrapper.framework; name = AVFoundation.framework; path = System/Library/Frameworks/AVFoundation.framework; sourceTree = SDKROOT; };
		0627440B1B1E39DA0047D7BC /* Microwave.mp3 */ = {isa = PBXFileReference; lastKnownFileType = audio.mp3; path = Microwave.mp3; sourceTree = "<group>"; };
		0627440D1B1E3B010047D7BC /* click1.mp3 */ = {isa = PBXFileReference; lastKnownFileType = audio.mp3; path = click1.mp3; sourceTree = "<group>"; };
		0627440F1B1E3C000047D7BC /* brilinho3.mp3 */ = {isa = PBXFileReference; lastKnownFileType = audio.mp3; path = brilinho3.mp3; sourceTree = "<group>"; };
		062744131B1E45FE0047D7BC /* FridgeClose.mp3 */ = {isa = PBXFileReference; lastKnownFileType = audio.mp3; path = FridgeClose.mp3; sourceTree = "<group>"; };
		062744151B1E4A8C0047D7BC /* RadioOn.mp3 */ = {isa = PBXFileReference; lastKnownFileType = audio.mp3; path = RadioOn.mp3; sourceTree = "<group>"; };
		062744191B1E4D3D0047D7BC /* RadioSHUTOFF.mp3 */ = {isa = PBXFileReference; lastKnownFileType = audio.mp3; path = RadioSHUTOFF.mp3; sourceTree = "<group>"; };
		0627441F1B1E53B50047D7BC /* waterDropLoop.mp3 */ = {isa = PBXFileReference; lastKnownFileType = audio.mp3; path = waterDropLoop.mp3; sourceTree = "<group>"; };
		06624E411B1CC64B003C0C03 /* CasaPersonagem.png */ = {isa = PBXFileReference; lastKnownFileType = image.png; path = CasaPersonagem.png; sourceTree = "<group>"; };
		06624E431B1CD2FB003C0C03 /* geladeira.png */ = {isa = PBXFileReference; lastKnownFileType = image.png; path = geladeira.png; sourceTree = "<group>"; };
		066A2CCF1B17918000A40DEC /* salaTeste.jpg */ = {isa = PBXFileReference; lastKnownFileType = image.jpeg; path = salaTeste.jpg; sourceTree = "<group>"; };
		066A2CD11B179D3200A40DEC /* quartoTeste.jpg */ = {isa = PBXFileReference; lastKnownFileType = image.jpeg; path = quartoTeste.jpg; sourceTree = "<group>"; };
		066A2CD31B179EB700A40DEC /* cozinhaTeste.jpg */ = {isa = PBXFileReference; lastKnownFileType = image.jpeg; path = cozinhaTeste.jpg; sourceTree = "<group>"; };
		0677F3811B14F03600A9C10A /* CasaScene.swift */ = {isa = PBXFileReference; fileEncoding = 4; lastKnownFileType = sourcecode.swift; name = CasaScene.swift; path = ../CasaScene.swift; sourceTree = "<group>"; };
		0677F3831B14F08F00A9C10A /* FazendinhaScene.swift */ = {isa = PBXFileReference; fileEncoding = 4; lastKnownFileType = sourcecode.swift; name = FazendinhaScene.swift; path = ../FazendinhaScene.swift; sourceTree = "<group>"; };
		0677F3851B14F0BA00A9C10A /* ArvoreScene.swift */ = {isa = PBXFileReference; fileEncoding = 4; lastKnownFileType = sourcecode.swift; name = ArvoreScene.swift; path = ../ArvoreScene.swift; sourceTree = "<group>"; };
		0677F3871B14F13800A9C10A /* CidadeScene.swift */ = {isa = PBXFileReference; fileEncoding = 4; lastKnownFileType = sourcecode.swift; name = CidadeScene.swift; path = ../CidadeScene.swift; sourceTree = "<group>"; };
		0677F3891B14F15D00A9C10A /* IndustriaScene.swift */ = {isa = PBXFileReference; fileEncoding = 4; lastKnownFileType = sourcecode.swift; name = IndustriaScene.swift; path = ../IndustriaScene.swift; sourceTree = "<group>"; };
		0677F38B1B14F18600A9C10A /* FlorestaScene.swift */ = {isa = PBXFileReference; fileEncoding = 4; lastKnownFileType = sourcecode.swift; name = FlorestaScene.swift; path = ../FlorestaScene.swift; sourceTree = "<group>"; };
		0677F3931B14FAE500A9C10A /* BanheiroItem.swift */ = {isa = PBXFileReference; fileEncoding = 4; lastKnownFileType = sourcecode.swift; path = BanheiroItem.swift; sourceTree = "<group>"; };
		0677F39C1B14FDCC00A9C10A /* GameStateDelegate.swift */ = {isa = PBXFileReference; fileEncoding = 4; lastKnownFileType = sourcecode.swift; path = GameStateDelegate.swift; sourceTree = "<group>"; };
		0677F3A21B150CD800A9C10A /* banheiro.jpg */ = {isa = PBXFileReference; lastKnownFileType = image.jpeg; path = banheiro.jpg; sourceTree = "<group>"; };
		0677F3A41B150D2800A9C10A /* casa_placeholder.png */ = {isa = PBXFileReference; lastKnownFileType = image.png; path = casa_placeholder.png; sourceTree = "<group>"; };
		0677F3A61B150D8000A9C10A /* banheiro.plist */ = {isa = PBXFileReference; fileEncoding = 4; lastKnownFileType = text.plist.xml; path = banheiro.plist; sourceTree = SOURCE_ROOT; };
		06AE40481B1784980072EF47 /* botVoltar.png */ = {isa = PBXFileReference; lastKnownFileType = image.png; path = botVoltar.png; sourceTree = "<group>"; };
		06FEF6461B1636B300EA7842 /* popup.png */ = {isa = PBXFileReference; lastKnownFileType = image.png; path = popup.png; sourceTree = "<group>"; };
		4404C8391B19164300B4872B /* menuCasa.png */ = {isa = PBXFileReference; lastKnownFileType = image.png; path = menuCasa.png; sourceTree = "<group>"; };
		441DC3E31B1CCD93005CA15F /* btnCheck.png */ = {isa = PBXFileReference; lastKnownFileType = image.png; path = btnCheck.png; sourceTree = "<group>"; };
		441DC3E41B1CCD93005CA15F /* btnComSom.png */ = {isa = PBXFileReference; lastKnownFileType = image.png; path = btnComSom.png; sourceTree = "<group>"; };
		441DC3E51B1CCD93005CA15F /* btnSemSom.png */ = {isa = PBXFileReference; lastKnownFileType = image.png; path = btnSemSom.png; sourceTree = "<group>"; };
		441DC3E91B1CE3AA005CA15F /* Bariol_Bold.otf */ = {isa = PBXFileReference; lastKnownFileType = file; path = Bariol_Bold.otf; sourceTree = "<group>"; };
		441DC3EA1B1CE3AA005CA15F /* Bariol_Regular.otf */ = {isa = PBXFileReference; lastKnownFileType = file; path = Bariol_Regular.otf; sourceTree = "<group>"; };
		444BE5A51B1726C800683BEA /* nuvem1.png */ = {isa = PBXFileReference; lastKnownFileType = image.png; path = nuvem1.png; sourceTree = "<group>"; };
		444BE5A61B1726C800683BEA /* nuvem2.png */ = {isa = PBXFileReference; lastKnownFileType = image.png; path = nuvem2.png; sourceTree = "<group>"; };
		444D55D21B1F664A00CD4515 /* splash.png */ = {isa = PBXFileReference; lastKnownFileType = image.png; path = splash.png; sourceTree = "<group>"; };
		44553D3E1B1E268E000F78B8 /* missoes.plist */ = {isa = PBXFileReference; fileEncoding = 4; lastKnownFileType = text.plist.xml; path = missoes.plist; sourceTree = "<group>"; };
		44F68D9A1B138D900032B700 /* btnCasa.png */ = {isa = PBXFileReference; lastKnownFileType = image.png; path = btnCasa.png; sourceTree = "<group>"; };
		44F68D9C1B1390970032B700 /* btnArvore.png */ = {isa = PBXFileReference; lastKnownFileType = image.png; path = btnArvore.png; sourceTree = "<group>"; };
		44F68DA01B1395020032B700 /* btnIndustria.png */ = {isa = PBXFileReference; lastKnownFileType = image.png; path = btnIndustria.png; sourceTree = "<group>"; };
		44F68DA21B13975F0032B700 /* btnSitio.png */ = {isa = PBXFileReference; lastKnownFileType = image.png; path = btnSitio.png; sourceTree = "<group>"; };
		44F68DA41B139C8E0032B700 /* btnFloresta.png */ = {isa = PBXFileReference; lastKnownFileType = image.png; path = btnFloresta.png; sourceTree = "<group>"; };
		44F68DA61B139EBB0032B700 /* btnPredio.png */ = {isa = PBXFileReference; lastKnownFileType = image.png; path = btnPredio.png; sourceTree = "<group>"; };
		44F68DA81B139FC70032B700 /* fumaca.png */ = {isa = PBXFileReference; lastKnownFileType = image.png; path = fumaca.png; sourceTree = "<group>"; };
		44F68DAA1B13CA6B0032B700 /* barraDeVidaMapa.png */ = {isa = PBXFileReference; lastKnownFileType = image.png; path = barraDeVidaMapa.png; sourceTree = "<group>"; };
		44F68DAB1B13CA6B0032B700 /* mapa.png */ = {isa = PBXFileReference; lastKnownFileType = image.png; path = mapa.png; sourceTree = "<group>"; };
		744AC5AE1B1E26F9009F6978 /* popupItem.png */ = {isa = PBXFileReference; lastKnownFileType = image.png; path = popupItem.png; sourceTree = "<group>"; };
		7458858B1B1E68F50057741B /* popupFimMenina.png */ = {isa = PBXFileReference; lastKnownFileType = image.png; path = popupFimMenina.png; sourceTree = "<group>"; };
		7458858C1B1E68F50057741B /* popupFim.png */ = {isa = PBXFileReference; lastKnownFileType = image.png; path = popupFim.png; sourceTree = "<group>"; };
		7458858D1B1E68F50057741B /* popupItemMenina.png */ = {isa = PBXFileReference; lastKnownFileType = image.png; path = popupItemMenina.png; sourceTree = "<group>"; };
		7458858E1B1E68F50057741B /* popupMissaoMenina.png */ = {isa = PBXFileReference; lastKnownFileType = image.png; path = popupMissaoMenina.png; sourceTree = "<group>"; };
		7458858F1B1E68F50057741B /* popupMissao.png */ = {isa = PBXFileReference; lastKnownFileType = image.png; path = popupMissao.png; sourceTree = "<group>"; };
		745885901B1E68F50057741B /* menina.png */ = {isa = PBXFileReference; lastKnownFileType = image.png; path = menina.png; sourceTree = "<group>"; };
		745885911B1E68F50057741B /* menino.png */ = {isa = PBXFileReference; lastKnownFileType = image.png; path = menino.png; sourceTree = "<group>"; };
		74A89D4D1B151C6B00581271 /* sala.plist */ = {isa = PBXFileReference; fileEncoding = 4; lastKnownFileType = text.plist.xml; path = sala.plist; sourceTree = "<group>"; };
		74A89D4E1B151C6B00581271 /* quarto.plist */ = {isa = PBXFileReference; fileEncoding = 4; lastKnownFileType = text.plist.xml; path = quarto.plist; sourceTree = "<group>"; };
		74A89D4F1B151C6B00581271 /* cozinha.plist */ = {isa = PBXFileReference; fileEncoding = 4; lastKnownFileType = text.plist.xml; path = cozinha.plist; sourceTree = "<group>"; };
		74A89D531B151CA600581271 /* QuartoItem.swift */ = {isa = PBXFileReference; fileEncoding = 4; lastKnownFileType = sourcecode.swift; path = QuartoItem.swift; sourceTree = "<group>"; };
		74A89D541B151CA600581271 /* SalaItem.swift */ = {isa = PBXFileReference; fileEncoding = 4; lastKnownFileType = sourcecode.swift; path = SalaItem.swift; sourceTree = "<group>"; };
		74A89D551B151CA600581271 /* CozinhaItem.swift */ = {isa = PBXFileReference; fileEncoding = 4; lastKnownFileType = sourcecode.swift; path = CozinhaItem.swift; sourceTree = "<group>"; };
		74AE2EA71B1CF8160006C332 /* barraProgresso1.png */ = {isa = PBXFileReference; lastKnownFileType = image.png; path = barraProgresso1.png; sourceTree = "<group>"; };
		74AE2EA81B1CF8160006C332 /* barraProgresso2.png */ = {isa = PBXFileReference; lastKnownFileType = image.png; path = barraProgresso2.png; sourceTree = "<group>"; };
		74AE2EA91B1CF8160006C332 /* barraProgresso3.png */ = {isa = PBXFileReference; lastKnownFileType = image.png; path = barraProgresso3.png; sourceTree = "<group>"; };
		74AE2EAA1B1CF8160006C332 /* barraProgresso4.png */ = {isa = PBXFileReference; lastKnownFileType = image.png; path = barraProgresso4.png; sourceTree = "<group>"; };
		74AE2EAF1B1CF8320006C332 /* abajurSala.png */ = {isa = PBXFileReference; lastKnownFileType = image.png; path = abajurSala.png; sourceTree = "<group>"; };
		74AE2EB01B1CF8320006C332 /* telaDaTv.png */ = {isa = PBXFileReference; lastKnownFileType = image.png; path = telaDaTv.png; sourceTree = "<group>"; };
		74AE2EB11B1CF8320006C332 /* bolinhaPS4.png */ = {isa = PBXFileReference; lastKnownFileType = image.png; path = bolinhaPS4.png; sourceTree = "<group>"; };
		74AE2EB21B1CF8320006C332 /* luzAbajur.png */ = {isa = PBXFileReference; lastKnownFileType = image.png; path = luzAbajur.png; sourceTree = "<group>"; };
		74C8B91B1B1D01000086C9D3 /* luzBanheiro.png */ = {isa = PBXFileReference; lastKnownFileType = image.png; path = luzBanheiro.png; sourceTree = "<group>"; };
		74C8B91C1B1D01000086C9D3 /* protecaoLuzBanheiroDireita.png */ = {isa = PBXFileReference; lastKnownFileType = image.png; path = protecaoLuzBanheiroDireita.png; sourceTree = "<group>"; };
		74C8B91D1B1D01000086C9D3 /* ProtecaoLuzBanheiroEsquerda.png */ = {isa = PBXFileReference; lastKnownFileType = image.png; path = ProtecaoLuzBanheiroEsquerda.png; sourceTree = "<group>"; };
		74C8B9211B1D126D0086C9D3 /* poca.png */ = {isa = PBXFileReference; lastKnownFileType = image.png; path = poca.png; sourceTree = "<group>"; };
		74C8B9231B1D19450086C9D3 /* telaComputador.png */ = {isa = PBXFileReference; lastKnownFileType = image.png; path = telaComputador.png; sourceTree = "<group>"; };
		74C8B9251B1D1A390086C9D3 /* abajurQuarto.png */ = {isa = PBXFileReference; lastKnownFileType = image.png; path = abajurQuarto.png; sourceTree = "<group>"; };
		74F8155E1B18FEEE007E0125 /* Quarto.png */ = {isa = PBXFileReference; lastKnownFileType = image.png; path = Quarto.png; sourceTree = "<group>"; };
		C01F79B21B13ABCB00F6FB78 /* SaveHandler.swift */ = {isa = PBXFileReference; fileEncoding = 4; lastKnownFileType = sourcecode.swift; path = SaveHandler.swift; sourceTree = "<group>"; };
		C02E0FC81B1CE2CE009F88FC /* nota1.png */ = {isa = PBXFileReference; lastKnownFileType = image.png; path = nota1.png; sourceTree = "<group>"; };
		C02E0FC91B1CE2CE009F88FC /* nota2.png */ = {isa = PBXFileReference; lastKnownFileType = image.png; path = nota2.png; sourceTree = "<group>"; };
		C02E0FCA1B1CE2CE009F88FC /* nota3.png */ = {isa = PBXFileReference; lastKnownFileType = image.png; path = nota3.png; sourceTree = "<group>"; };
		C02E0FCB1B1CE2CE009F88FC /* nota4.png */ = {isa = PBXFileReference; lastKnownFileType = image.png; path = nota4.png; sourceTree = "<group>"; };
		C02E0FCC1B1CE2CE009F88FC /* partitura.png */ = {isa = PBXFileReference; lastKnownFileType = image.png; path = partitura.png; sourceTree = "<group>"; };
		C08773B21B0E522800B4F5BF /* Galacssi.app */ = {isa = PBXFileReference; explicitFileType = wrapper.application; includeInIndex = 0; path = Galacssi.app; sourceTree = BUILT_PRODUCTS_DIR; };
		C08773B61B0E522800B4F5BF /* Info.plist */ = {isa = PBXFileReference; lastKnownFileType = text.plist.xml; path = Info.plist; sourceTree = "<group>"; };
		C08773B71B0E522800B4F5BF /* AppDelegate.swift */ = {isa = PBXFileReference; lastKnownFileType = sourcecode.swift; path = AppDelegate.swift; sourceTree = "<group>"; };
		C08773B91B0E522800B4F5BF /* GameScene.sks */ = {isa = PBXFileReference; lastKnownFileType = file.sks; path = GameScene.sks; sourceTree = "<group>"; };
		C08773BB1B0E522800B4F5BF /* GameScene.swift */ = {isa = PBXFileReference; lastKnownFileType = sourcecode.swift; path = GameScene.swift; sourceTree = "<group>"; };
		C08773BD1B0E522800B4F5BF /* GameViewController.swift */ = {isa = PBXFileReference; lastKnownFileType = sourcecode.swift; path = GameViewController.swift; sourceTree = "<group>"; };
		C08773C01B0E522800B4F5BF /* Base */ = {isa = PBXFileReference; lastKnownFileType = file.storyboard; name = Base; path = Base.lproj/Main.storyboard; sourceTree = "<group>"; };
		C08773C21B0E522800B4F5BF /* Images.xcassets */ = {isa = PBXFileReference; lastKnownFileType = folder.assetcatalog; path = Images.xcassets; sourceTree = "<group>"; };
		C08773C51B0E522800B4F5BF /* Base */ = {isa = PBXFileReference; lastKnownFileType = file.xib; name = Base; path = Base.lproj/LaunchScreen.xib; sourceTree = "<group>"; };
		C08773CB1B0E522800B4F5BF /* GalacssiTests.xctest */ = {isa = PBXFileReference; explicitFileType = wrapper.cfbundle; includeInIndex = 0; path = GalacssiTests.xctest; sourceTree = BUILT_PRODUCTS_DIR; };
		C08773D01B0E522800B4F5BF /* Info.plist */ = {isa = PBXFileReference; lastKnownFileType = text.plist.xml; path = Info.plist; sourceTree = "<group>"; };
		C08773D11B0E522800B4F5BF /* GalacssiTests.swift */ = {isa = PBXFileReference; lastKnownFileType = sourcecode.swift; path = GalacssiTests.swift; sourceTree = "<group>"; };
		C08773DB1B0E5AAD00B4F5BF /* Save.swift */ = {isa = PBXFileReference; fileEncoding = 4; lastKnownFileType = sourcecode.swift; path = Save.swift; sourceTree = "<group>"; };
/* End PBXFileReference section */

/* Begin PBXFrameworksBuildPhase section */
		C08773AF1B0E522800B4F5BF /* Frameworks */ = {
			isa = PBXFrameworksBuildPhase;
			buildActionMask = 2147483647;
			files = (
				062744061B1E2FA70047D7BC /* AVFoundation.framework in Frameworks */,
			);
			runOnlyForDeploymentPostprocessing = 0;
		};
		C08773C81B0E522800B4F5BF /* Frameworks */ = {
			isa = PBXFrameworksBuildPhase;
			buildActionMask = 2147483647;
			files = (
			);
			runOnlyForDeploymentPostprocessing = 0;
		};
/* End PBXFrameworksBuildPhase section */

/* Begin PBXGroup section */
		062744041B1E28D50047D7BC /* Audios */ = {
			isa = PBXGroup;
			children = (
				0627440F1B1E3C000047D7BC /* brilinho3.mp3 */,
				062744191B1E4D3D0047D7BC /* RadioSHUTOFF.mp3 */,
				0627440B1B1E39DA0047D7BC /* Microwave.mp3 */,
				0627441F1B1E53B50047D7BC /* waterDropLoop.mp3 */,
				062744131B1E45FE0047D7BC /* FridgeClose.mp3 */,
				062744151B1E4A8C0047D7BC /* RadioOn.mp3 */,
				0627440D1B1E3B010047D7BC /* click1.mp3 */,
				062744021B1E28CA0047D7BC /* Musica.mp3 */,
			);
			name = Audios;
			sourceTree = "<group>";
		};
		0677F3971B14FB8D00A9C10A /* Resources */ = {
			isa = PBXGroup;
			children = (
				74A89D4D1B151C6B00581271 /* sala.plist */,
				74A89D4E1B151C6B00581271 /* quarto.plist */,
				74A89D4F1B151C6B00581271 /* cozinha.plist */,
				0677F3A61B150D8000A9C10A /* banheiro.plist */,
				44553D3E1B1E268E000F78B8 /* missoes.plist */,
			);
			name = Resources;
			sourceTree = "<group>";
		};
		44F68D971B138AD70032B700 /* Images */ = {
			isa = PBXGroup;
			children = (
				C02E0FC71B1CE2BE009F88FC /* AnimaAudio */,
				0677F3A21B150CD800A9C10A /* banheiro.jpg */,
				7458858B1B1E68F50057741B /* popupFimMenina.png */,
				444D55D21B1F664A00CD4515 /* splash.png */,
				7458858C1B1E68F50057741B /* popupFim.png */,
				7458858D1B1E68F50057741B /* popupItemMenina.png */,
				7458858E1B1E68F50057741B /* popupMissaoMenina.png */,
				7458858F1B1E68F50057741B /* popupMissao.png */,
				745885901B1E68F50057741B /* menina.png */,
				745885911B1E68F50057741B /* menino.png */,
				744AC5AE1B1E26F9009F6978 /* popupItem.png */,
				74C8B91B1B1D01000086C9D3 /* luzBanheiro.png */,
				74C8B91C1B1D01000086C9D3 /* protecaoLuzBanheiroDireita.png */,
				74C8B91D1B1D01000086C9D3 /* ProtecaoLuzBanheiroEsquerda.png */,
				74C8B9211B1D126D0086C9D3 /* poca.png */,
				74AE2EA71B1CF8160006C332 /* barraProgresso1.png */,
				74AE2EA81B1CF8160006C332 /* barraProgresso2.png */,
				74AE2EA91B1CF8160006C332 /* barraProgresso3.png */,
				74AE2EAA1B1CF8160006C332 /* barraProgresso4.png */,
				74AE2EAF1B1CF8320006C332 /* abajurSala.png */,
				74AE2EB01B1CF8320006C332 /* telaDaTv.png */,
				74AE2EB11B1CF8320006C332 /* bolinhaPS4.png */,
				74AE2EB21B1CF8320006C332 /* luzAbajur.png */,
				060C53381B18F7C700463020 /* Banheiro.png */,
				441DC3E31B1CCD93005CA15F /* btnCheck.png */,
				062744001B1CF50F0047D7BC /* Cozinha.png */,
				441DC3E41B1CCD93005CA15F /* btnComSom.png */,
				441DC3E51B1CCD93005CA15F /* btnSemSom.png */,
				44F68DAA1B13CA6B0032B700 /* barraDeVidaMapa.png */,
				06AE40481B1784980072EF47 /* botVoltar.png */,
				44F68D9C1B1390970032B700 /* btnArvore.png */,
				44F68D9A1B138D900032B700 /* btnCasa.png */,
				44F68DA41B139C8E0032B700 /* btnFloresta.png */,
				44F68DA01B1395020032B700 /* btnIndustria.png */,
				44F68DA61B139EBB0032B700 /* btnPredio.png */,
				4404C8391B19164300B4872B /* menuCasa.png */,
				06624E411B1CC64B003C0C03 /* CasaPersonagem.png */,
				44F68DA21B13975F0032B700 /* btnSitio.png */,
				062743F81B1CD5BB0047D7BC /* LuzLustre.png */,
				060C53391B18F7C700463020 /* btnVoltar.png */,
				0677F3A41B150D2800A9C10A /* casa_placeholder.png */,
				066A2CD31B179EB700A40DEC /* cozinhaTeste.jpg */,
				062743FA1B1CD91B0047D7BC /* gota.png */,
				44F68DA81B139FC70032B700 /* fumaca.png */,
				062743FC1B1CE39D0047D7BC /* portamicroondas.png */,
				06624E431B1CD2FB003C0C03 /* geladeira.png */,
				44F68DAB1B13CA6B0032B700 /* mapa.png */,
				444BE5A51B1726C800683BEA /* nuvem1.png */,
				444BE5A61B1726C800683BEA /* nuvem2.png */,
				06FEF6461B1636B300EA7842 /* popup.png */,
				060C53401B19054800463020 /* predios.png */,
				74F8155E1B18FEEE007E0125 /* Quarto.png */,
				74C8B9251B1D1A390086C9D3 /* abajurQuarto.png */,
				066A2CD11B179D3200A40DEC /* quartoTeste.jpg */,
				060C533A1B18F7C700463020 /* Sala.png */,
				74C8B9231B1D19450086C9D3 /* telaComputador.png */,
				066A2CCF1B17918000A40DEC /* salaTeste.jpg */,
			);
			name = Images;
			sourceTree = "<group>";
		};
		C02E0FC71B1CE2BE009F88FC /* AnimaAudio */ = {
			isa = PBXGroup;
			children = (
				C02E0FC81B1CE2CE009F88FC /* nota1.png */,
				C02E0FC91B1CE2CE009F88FC /* nota2.png */,
				C02E0FCA1B1CE2CE009F88FC /* nota3.png */,
				C02E0FCB1B1CE2CE009F88FC /* nota4.png */,
				C02E0FCC1B1CE2CE009F88FC /* partitura.png */,
			);
			name = AnimaAudio;
			sourceTree = "<group>";
		};
		C08773A91B0E522800B4F5BF = {
			isa = PBXGroup;
			children = (
				062744051B1E2FA70047D7BC /* AVFoundation.framework */,
				C08773B41B0E522800B4F5BF /* Galacssi */,
				C08773CE1B0E522800B4F5BF /* GalacssiTests */,
				C08773B31B0E522800B4F5BF /* Products */,
			);
			sourceTree = "<group>";
		};
		C08773B31B0E522800B4F5BF /* Products */ = {
			isa = PBXGroup;
			children = (
				C08773B21B0E522800B4F5BF /* Galacssi.app */,
				C08773CB1B0E522800B4F5BF /* GalacssiTests.xctest */,
			);
			name = Products;
			sourceTree = "<group>";
		};
		C08773B41B0E522800B4F5BF /* Galacssi */ = {
			isa = PBXGroup;
			children = (
				062744041B1E28D50047D7BC /* Audios */,
				44F68D971B138AD70032B700 /* Images */,
				C08773B71B0E522800B4F5BF /* AppDelegate.swift */,
				C08773B91B0E522800B4F5BF /* GameScene.sks */,
				C08773BB1B0E522800B4F5BF /* GameScene.swift */,
				0677F3811B14F03600A9C10A /* CasaScene.swift */,
				0677F3931B14FAE500A9C10A /* BanheiroItem.swift */,
				74A89D531B151CA600581271 /* QuartoItem.swift */,
				74A89D541B151CA600581271 /* SalaItem.swift */,
				74A89D551B151CA600581271 /* CozinhaItem.swift */,
				0677F3831B14F08F00A9C10A /* FazendinhaScene.swift */,
				0677F3851B14F0BA00A9C10A /* ArvoreScene.swift */,
				0677F3871B14F13800A9C10A /* CidadeScene.swift */,
				0677F3891B14F15D00A9C10A /* IndustriaScene.swift */,
				0677F38B1B14F18600A9C10A /* FlorestaScene.swift */,
				C08773BD1B0E522800B4F5BF /* GameViewController.swift */,
				C08773BF1B0E522800B4F5BF /* Main.storyboard */,
				C08773DB1B0E5AAD00B4F5BF /* Save.swift */,
				C01F79B21B13ABCB00F6FB78 /* SaveHandler.swift */,
				C08773C21B0E522800B4F5BF /* Images.xcassets */,
				C08773C41B0E522800B4F5BF /* LaunchScreen.xib */,
				0677F39C1B14FDCC00A9C10A /* GameStateDelegate.swift */,
				0677F3971B14FB8D00A9C10A /* Resources */,
				C08773B51B0E522800B4F5BF /* Supporting Files */,
			);
			path = Galacssi;
			sourceTree = "<group>";
		};
		C08773B51B0E522800B4F5BF /* Supporting Files */ = {
			isa = PBXGroup;
			children = (
				441DC3E91B1CE3AA005CA15F /* Bariol_Bold.otf */,
				441DC3EA1B1CE3AA005CA15F /* Bariol_Regular.otf */,
				C08773B61B0E522800B4F5BF /* Info.plist */,
			);
			name = "Supporting Files";
			sourceTree = "<group>";
		};
		C08773CE1B0E522800B4F5BF /* GalacssiTests */ = {
			isa = PBXGroup;
			children = (
				C08773D11B0E522800B4F5BF /* GalacssiTests.swift */,
				C08773CF1B0E522800B4F5BF /* Supporting Files */,
			);
			path = GalacssiTests;
			sourceTree = "<group>";
		};
		C08773CF1B0E522800B4F5BF /* Supporting Files */ = {
			isa = PBXGroup;
			children = (
				C08773D01B0E522800B4F5BF /* Info.plist */,
			);
			name = "Supporting Files";
			sourceTree = "<group>";
		};
/* End PBXGroup section */

/* Begin PBXNativeTarget section */
		C08773B11B0E522800B4F5BF /* Galacssi */ = {
			isa = PBXNativeTarget;
			buildConfigurationList = C08773D51B0E522800B4F5BF /* Build configuration list for PBXNativeTarget "Galacssi" */;
			buildPhases = (
				C08773AE1B0E522800B4F5BF /* Sources */,
				C08773AF1B0E522800B4F5BF /* Frameworks */,
				C08773B01B0E522800B4F5BF /* Resources */,
			);
			buildRules = (
			);
			dependencies = (
			);
			name = Galacssi;
			productName = Galacssi;
			productReference = C08773B21B0E522800B4F5BF /* Galacssi.app */;
			productType = "com.apple.product-type.application";
		};
		C08773CA1B0E522800B4F5BF /* GalacssiTests */ = {
			isa = PBXNativeTarget;
			buildConfigurationList = C08773D81B0E522800B4F5BF /* Build configuration list for PBXNativeTarget "GalacssiTests" */;
			buildPhases = (
				C08773C71B0E522800B4F5BF /* Sources */,
				C08773C81B0E522800B4F5BF /* Frameworks */,
				C08773C91B0E522800B4F5BF /* Resources */,
			);
			buildRules = (
			);
			dependencies = (
				C08773CD1B0E522800B4F5BF /* PBXTargetDependency */,
			);
			name = GalacssiTests;
			productName = GalacssiTests;
			productReference = C08773CB1B0E522800B4F5BF /* GalacssiTests.xctest */;
			productType = "com.apple.product-type.bundle.unit-test";
		};
/* End PBXNativeTarget section */

/* Begin PBXProject section */
		C08773AA1B0E522800B4F5BF /* Project object */ = {
			isa = PBXProject;
			attributes = {
				LastUpgradeCheck = 0630;
				ORGANIZATIONNAME = "Gabriel Nopper";
				TargetAttributes = {
					C08773B11B0E522800B4F5BF = {
						CreatedOnToolsVersion = 6.3.1;
					};
					C08773CA1B0E522800B4F5BF = {
						CreatedOnToolsVersion = 6.3.1;
						TestTargetID = C08773B11B0E522800B4F5BF;
					};
				};
			};
			buildConfigurationList = C08773AD1B0E522800B4F5BF /* Build configuration list for PBXProject "Galacssi" */;
			compatibilityVersion = "Xcode 3.2";
			developmentRegion = English;
			hasScannedForEncodings = 0;
			knownRegions = (
				en,
				Base,
			);
			mainGroup = C08773A91B0E522800B4F5BF;
			productRefGroup = C08773B31B0E522800B4F5BF /* Products */;
			projectDirPath = "";
			projectRoot = "";
			targets = (
				C08773B11B0E522800B4F5BF /* Galacssi */,
				C08773CA1B0E522800B4F5BF /* GalacssiTests */,
			);
		};
/* End PBXProject section */

/* Begin PBXResourcesBuildPhase section */
		C08773B01B0E522800B4F5BF /* Resources */ = {
			isa = PBXResourcesBuildPhase;
			buildActionMask = 2147483647;
			files = (
				74AE2EB71B1CF96A0006C332 /* (null) in Resources */,
				C02E0FD01B1CE2CE009F88FC /* nota4.png in Resources */,
				C02E0FCE1B1CE2CE009F88FC /* nota2.png in Resources */,
				744AC5AF1B1E26F9009F6978 /* popupItem.png in Resources */,
				745885951B1E68F50057741B /* popupMissaoMenina.png in Resources */,
				066A2CD01B17918000A40DEC /* salaTeste.jpg in Resources */,
				06FEF6471B1636B300EA7842 /* popup.png in Resources */,
				0677F3A71B150D8000A9C10A /* banheiro.plist in Resources */,
				441DC3F01B1CEFFE005CA15F /* Bariol_Regular.otf in Resources */,
				062744161B1E4A8C0047D7BC /* RadioOn.mp3 in Resources */,
				745885941B1E68F50057741B /* popupItemMenina.png in Resources */,
				74A89D501B151C6B00581271 /* sala.plist in Resources */,
				C08773C61B0E522800B4F5BF /* LaunchScreen.xib in Resources */,
				0677F3A51B150D2800A9C10A /* casa_placeholder.png in Resources */,
				74AE2EB41B1CF8320006C332 /* telaDaTv.png in Resources */,
				062743FB1B1CD91B0047D7BC /* gota.png in Resources */,
				74C8B91E1B1D01000086C9D3 /* luzBanheiro.png in Resources */,
				44F68DA51B139C8E0032B700 /* btnFloresta.png in Resources */,
				066A2CD41B179EB700A40DEC /* cozinhaTeste.jpg in Resources */,
				C02E0FCF1B1CE2CE009F88FC /* nota3.png in Resources */,
				0677F3A31B150CD800A9C10A /* banheiro.jpg in Resources */,
				44F68DAC1B13CA6B0032B700 /* barraDeVidaMapa.png in Resources */,
				06624E421B1CC64B003C0C03 /* CasaPersonagem.png in Resources */,
				C08773C31B0E522800B4F5BF /* Images.xcassets in Resources */,
				745885931B1E68F50057741B /* popupFim.png in Resources */,
				444D55D31B1F664A00CD4515 /* splash.png in Resources */,
				060C533B1B18F7C700463020 /* Banheiro.png in Resources */,
				74C8B9241B1D19450086C9D3 /* telaComputador.png in Resources */,
				060C533D1B18F7C700463020 /* Sala.png in Resources */,
				444BE5A71B1726C800683BEA /* nuvem1.png in Resources */,
				0627440C1B1E39DA0047D7BC /* Microwave.mp3 in Resources */,
				060C533C1B18F7C700463020 /* btnVoltar.png in Resources */,
				44F68DA11B1395020032B700 /* btnIndustria.png in Resources */,
				74C8B9221B1D126D0086C9D3 /* poca.png in Resources */,
				44F68DAD1B13CA6B0032B700 /* mapa.png in Resources */,
				441DC3E71B1CCD93005CA15F /* btnComSom.png in Resources */,
				745885981B1E68F50057741B /* menino.png in Resources */,
				062743F91B1CD5BB0047D7BC /* LuzLustre.png in Resources */,
				062744201B1E53B50047D7BC /* waterDropLoop.mp3 in Resources */,
				74AE2EB31B1CF8320006C332 /* abajurSala.png in Resources */,
				74AE2EAC1B1CF8160006C332 /* barraProgresso2.png in Resources */,
				062743FD1B1CE39D0047D7BC /* portamicroondas.png in Resources */,
				0627440E1B1E3B010047D7BC /* click1.mp3 in Resources */,
				06AE40491B1784980072EF47 /* botVoltar.png in Resources */,
				066A2CD21B179D3200A40DEC /* quartoTeste.jpg in Resources */,
				060C53411B19054800463020 /* predios.png in Resources */,
				062744011B1CF50F0047D7BC /* Cozinha.png in Resources */,
				0627441A1B1E4D3D0047D7BC /* RadioSHUTOFF.mp3 in Resources */,
				745885961B1E68F50057741B /* popupMissao.png in Resources */,
				4404C83A1B19164300B4872B /* menuCasa.png in Resources */,
				74C8B91F1B1D01000086C9D3 /* protecaoLuzBanheiroDireita.png in Resources */,
				C08773BA1B0E522800B4F5BF /* GameScene.sks in Resources */,
				44F68D9D1B1390970032B700 /* btnArvore.png in Resources */,
				74A89D511B151C6B00581271 /* quarto.plist in Resources */,
				44553D3F1B1E268E000F78B8 /* missoes.plist in Resources */,
				062744101B1E3C000047D7BC /* brilinho3.mp3 in Resources */,
				062744031B1E28CA0047D7BC /* Musica.mp3 in Resources */,
				441DC3E81B1CCD93005CA15F /* btnSemSom.png in Resources */,
				74AE2EAE1B1CF8160006C332 /* barraProgresso4.png in Resources */,
				44F68D9B1B138D900032B700 /* btnCasa.png in Resources */,
				74F815601B18FEEE007E0125 /* Quarto.png in Resources */,
				74AE2EAD1B1CF8160006C332 /* barraProgresso3.png in Resources */,
				4405CBD01B1DDDCE009407B5 /* barraProgresso1.png in Resources */,
				062744141B1E45FE0047D7BC /* FridgeClose.mp3 in Resources */,
				74AE2EB51B1CF8320006C332 /* bolinhaPS4.png in Resources */,
				C08773C11B0E522800B4F5BF /* Main.storyboard in Resources */,
				44F68DA31B13975F0032B700 /* btnSitio.png in Resources */,
				745885921B1E68F50057741B /* popupFimMenina.png in Resources */,
				44F68DA91B139FC70032B700 /* fumaca.png in Resources */,
				C02E0FCD1B1CE2CE009F88FC /* nota1.png in Resources */,
				441DC3E61B1CCD93005CA15F /* btnCheck.png in Resources */,
				74A89D521B151C6B00581271 /* cozinha.plist in Resources */,
				74C8B9201B1D01000086C9D3 /* ProtecaoLuzBanheiroEsquerda.png in Resources */,
				74AE2EB61B1CF8320006C332 /* luzAbajur.png in Resources */,
				444BE5A81B1726C800683BEA /* nuvem2.png in Resources */,
				74C8B9261B1D1A390086C9D3 /* abajurQuarto.png in Resources */,
				44F68DA71B139EBB0032B700 /* btnPredio.png in Resources */,
				06624E441B1CD2FB003C0C03 /* geladeira.png in Resources */,
				C02E0FD11B1CE2CE009F88FC /* partitura.png in Resources */,
				745885971B1E68F50057741B /* menina.png in Resources */,
				441DC3F11B1CF001005CA15F /* Bariol_Bold.otf in Resources */,
			);
			runOnlyForDeploymentPostprocessing = 0;
		};
		C08773C91B0E522800B4F5BF /* Resources */ = {
			isa = PBXResourcesBuildPhase;
			buildActionMask = 2147483647;
			files = (
			);
			runOnlyForDeploymentPostprocessing = 0;
		};
/* End PBXResourcesBuildPhase section */

/* Begin PBXSourcesBuildPhase section */
		C08773AE1B0E522800B4F5BF /* Sources */ = {
			isa = PBXSourcesBuildPhase;
			buildActionMask = 2147483647;
			files = (
				06C1BCFF1B150F220012E0A9 /* IndustriaScene.swift in Sources */,
				06C1BCFB1B150F0F0012E0A9 /* CasaScene.swift in Sources */,
				06C1BCFE1B150F200012E0A9 /* CidadeScene.swift in Sources */,
				06C1BCFC1B150F1A0012E0A9 /* FazendinhaScene.swift in Sources */,
				C08773DC1B0E5AAD00B4F5BF /* Save.swift in Sources */,
				06C1BD001B150F290012E0A9 /* GameStateDelegate.swift in Sources */,
				C08773BC1B0E522800B4F5BF /* GameScene.swift in Sources */,
				0677F38C1B14F18600A9C10A /* FlorestaScene.swift in Sources */,
				06C1BCFD1B150F1D0012E0A9 /* ArvoreScene.swift in Sources */,
				0677F3941B14FAE500A9C10A /* BanheiroItem.swift in Sources */,
				74A89D581B151CA600581271 /* CozinhaItem.swift in Sources */,
				74A89D571B151CA600581271 /* SalaItem.swift in Sources */,
				C08773BE1B0E522800B4F5BF /* GameViewController.swift in Sources */,
				C01F79B31B13ABCB00F6FB78 /* SaveHandler.swift in Sources */,
				C08773B81B0E522800B4F5BF /* AppDelegate.swift in Sources */,
				74A89D561B151CA600581271 /* QuartoItem.swift in Sources */,
			);
			runOnlyForDeploymentPostprocessing = 0;
		};
		C08773C71B0E522800B4F5BF /* Sources */ = {
			isa = PBXSourcesBuildPhase;
			buildActionMask = 2147483647;
			files = (
				C08773D21B0E522800B4F5BF /* GalacssiTests.swift in Sources */,
			);
			runOnlyForDeploymentPostprocessing = 0;
		};
/* End PBXSourcesBuildPhase section */

/* Begin PBXTargetDependency section */
		C08773CD1B0E522800B4F5BF /* PBXTargetDependency */ = {
			isa = PBXTargetDependency;
			target = C08773B11B0E522800B4F5BF /* Galacssi */;
			targetProxy = C08773CC1B0E522800B4F5BF /* PBXContainerItemProxy */;
		};
/* End PBXTargetDependency section */

/* Begin PBXVariantGroup section */
		C08773BF1B0E522800B4F5BF /* Main.storyboard */ = {
			isa = PBXVariantGroup;
			children = (
				C08773C01B0E522800B4F5BF /* Base */,
			);
			name = Main.storyboard;
			sourceTree = "<group>";
		};
		C08773C41B0E522800B4F5BF /* LaunchScreen.xib */ = {
			isa = PBXVariantGroup;
			children = (
				C08773C51B0E522800B4F5BF /* Base */,
			);
			name = LaunchScreen.xib;
			sourceTree = "<group>";
		};
/* End PBXVariantGroup section */

/* Begin XCBuildConfiguration section */
		C08773D31B0E522800B4F5BF /* Debug */ = {
			isa = XCBuildConfiguration;
			buildSettings = {
				ALWAYS_SEARCH_USER_PATHS = NO;
				CLANG_CXX_LANGUAGE_STANDARD = "gnu++0x";
				CLANG_CXX_LIBRARY = "libc++";
				CLANG_ENABLE_MODULES = YES;
				CLANG_ENABLE_OBJC_ARC = YES;
				CLANG_WARN_BOOL_CONVERSION = YES;
				CLANG_WARN_CONSTANT_CONVERSION = YES;
				CLANG_WARN_DIRECT_OBJC_ISA_USAGE = YES_ERROR;
				CLANG_WARN_EMPTY_BODY = YES;
				CLANG_WARN_ENUM_CONVERSION = YES;
				CLANG_WARN_INT_CONVERSION = YES;
				CLANG_WARN_OBJC_ROOT_CLASS = YES_ERROR;
				CLANG_WARN_UNREACHABLE_CODE = YES;
				CLANG_WARN__DUPLICATE_METHOD_MATCH = YES;
				"CODE_SIGN_IDENTITY[sdk=iphoneos*]" = "iPhone Developer";
				COPY_PHASE_STRIP = NO;
				DEBUG_INFORMATION_FORMAT = "dwarf-with-dsym";
				ENABLE_STRICT_OBJC_MSGSEND = YES;
				GCC_C_LANGUAGE_STANDARD = gnu99;
				GCC_DYNAMIC_NO_PIC = NO;
				GCC_NO_COMMON_BLOCKS = YES;
				GCC_OPTIMIZATION_LEVEL = 0;
				GCC_PREPROCESSOR_DEFINITIONS = (
					"DEBUG=1",
					"$(inherited)",
				);
				GCC_SYMBOLS_PRIVATE_EXTERN = NO;
				GCC_WARN_64_TO_32_BIT_CONVERSION = YES;
				GCC_WARN_ABOUT_RETURN_TYPE = YES_ERROR;
				GCC_WARN_UNDECLARED_SELECTOR = YES;
				GCC_WARN_UNINITIALIZED_AUTOS = YES_AGGRESSIVE;
				GCC_WARN_UNUSED_FUNCTION = YES;
				GCC_WARN_UNUSED_VARIABLE = YES;
				IPHONEOS_DEPLOYMENT_TARGET = 8.3;
				MTL_ENABLE_DEBUG_INFO = YES;
				ONLY_ACTIVE_ARCH = YES;
				SDKROOT = iphoneos;
				SWIFT_OPTIMIZATION_LEVEL = "-Onone";
				TARGETED_DEVICE_FAMILY = 2;
			};
			name = Debug;
		};
		C08773D41B0E522800B4F5BF /* Release */ = {
			isa = XCBuildConfiguration;
			buildSettings = {
				ALWAYS_SEARCH_USER_PATHS = NO;
				CLANG_CXX_LANGUAGE_STANDARD = "gnu++0x";
				CLANG_CXX_LIBRARY = "libc++";
				CLANG_ENABLE_MODULES = YES;
				CLANG_ENABLE_OBJC_ARC = YES;
				CLANG_WARN_BOOL_CONVERSION = YES;
				CLANG_WARN_CONSTANT_CONVERSION = YES;
				CLANG_WARN_DIRECT_OBJC_ISA_USAGE = YES_ERROR;
				CLANG_WARN_EMPTY_BODY = YES;
				CLANG_WARN_ENUM_CONVERSION = YES;
				CLANG_WARN_INT_CONVERSION = YES;
				CLANG_WARN_OBJC_ROOT_CLASS = YES_ERROR;
				CLANG_WARN_UNREACHABLE_CODE = YES;
				CLANG_WARN__DUPLICATE_METHOD_MATCH = YES;
				"CODE_SIGN_IDENTITY[sdk=iphoneos*]" = "iPhone Developer";
				COPY_PHASE_STRIP = NO;
				DEBUG_INFORMATION_FORMAT = "dwarf-with-dsym";
				ENABLE_NS_ASSERTIONS = NO;
				ENABLE_STRICT_OBJC_MSGSEND = YES;
				GCC_C_LANGUAGE_STANDARD = gnu99;
				GCC_NO_COMMON_BLOCKS = YES;
				GCC_WARN_64_TO_32_BIT_CONVERSION = YES;
				GCC_WARN_ABOUT_RETURN_TYPE = YES_ERROR;
				GCC_WARN_UNDECLARED_SELECTOR = YES;
				GCC_WARN_UNINITIALIZED_AUTOS = YES_AGGRESSIVE;
				GCC_WARN_UNUSED_FUNCTION = YES;
				GCC_WARN_UNUSED_VARIABLE = YES;
				IPHONEOS_DEPLOYMENT_TARGET = 8.3;
				MTL_ENABLE_DEBUG_INFO = NO;
				SDKROOT = iphoneos;
				TARGETED_DEVICE_FAMILY = 2;
				VALIDATE_PRODUCT = YES;
			};
			name = Release;
		};
		C08773D61B0E522800B4F5BF /* Debug */ = {
			isa = XCBuildConfiguration;
			buildSettings = {
				ASSETCATALOG_COMPILER_APPICON_NAME = AppIcon;
				CODE_SIGN_IDENTITY = "iPhone Developer";
				INFOPLIST_FILE = Galacssi/Info.plist;
				LD_RUNPATH_SEARCH_PATHS = "$(inherited) @executable_path/Frameworks";
				PRODUCT_NAME = "$(TARGET_NAME)";
			};
			name = Debug;
		};
		C08773D71B0E522800B4F5BF /* Release */ = {
			isa = XCBuildConfiguration;
			buildSettings = {
				ASSETCATALOG_COMPILER_APPICON_NAME = AppIcon;
				CODE_SIGN_IDENTITY = "iPhone Developer";
				INFOPLIST_FILE = Galacssi/Info.plist;
				LD_RUNPATH_SEARCH_PATHS = "$(inherited) @executable_path/Frameworks";
				PRODUCT_NAME = "$(TARGET_NAME)";
			};
			name = Release;
		};
		C08773D91B0E522800B4F5BF /* Debug */ = {
			isa = XCBuildConfiguration;
			buildSettings = {
				BUNDLE_LOADER = "$(TEST_HOST)";
				FRAMEWORK_SEARCH_PATHS = (
					"$(SDKROOT)/Developer/Library/Frameworks",
					"$(inherited)",
				);
				GCC_PREPROCESSOR_DEFINITIONS = (
					"DEBUG=1",
					"$(inherited)",
				);
				INFOPLIST_FILE = GalacssiTests/Info.plist;
				LD_RUNPATH_SEARCH_PATHS = "$(inherited) @executable_path/Frameworks @loader_path/Frameworks";
				PRODUCT_NAME = "$(TARGET_NAME)";
				TEST_HOST = "$(BUILT_PRODUCTS_DIR)/Galacssi.app/Galacssi";
			};
			name = Debug;
		};
		C08773DA1B0E522800B4F5BF /* Release */ = {
			isa = XCBuildConfiguration;
			buildSettings = {
				BUNDLE_LOADER = "$(TEST_HOST)";
				FRAMEWORK_SEARCH_PATHS = (
					"$(SDKROOT)/Developer/Library/Frameworks",
					"$(inherited)",
				);
				INFOPLIST_FILE = GalacssiTests/Info.plist;
				LD_RUNPATH_SEARCH_PATHS = "$(inherited) @executable_path/Frameworks @loader_path/Frameworks";
				PRODUCT_NAME = "$(TARGET_NAME)";
				TEST_HOST = "$(BUILT_PRODUCTS_DIR)/Galacssi.app/Galacssi";
			};
			name = Release;
		};
/* End XCBuildConfiguration section */

/* Begin XCConfigurationList section */
		C08773AD1B0E522800B4F5BF /* Build configuration list for PBXProject "Galacssi" */ = {
			isa = XCConfigurationList;
			buildConfigurations = (
				C08773D31B0E522800B4F5BF /* Debug */,
				C08773D41B0E522800B4F5BF /* Release */,
			);
			defaultConfigurationIsVisible = 0;
			defaultConfigurationName = Release;
		};
		C08773D51B0E522800B4F5BF /* Build configuration list for PBXNativeTarget "Galacssi" */ = {
			isa = XCConfigurationList;
			buildConfigurations = (
				C08773D61B0E522800B4F5BF /* Debug */,
				C08773D71B0E522800B4F5BF /* Release */,
			);
			defaultConfigurationIsVisible = 0;
			defaultConfigurationName = Release;
		};
		C08773D81B0E522800B4F5BF /* Build configuration list for PBXNativeTarget "GalacssiTests" */ = {
			isa = XCConfigurationList;
			buildConfigurations = (
				C08773D91B0E522800B4F5BF /* Debug */,
				C08773DA1B0E522800B4F5BF /* Release */,
			);
			defaultConfigurationIsVisible = 0;
			defaultConfigurationName = Release;
		};
/* End XCConfigurationList section */
	};
	rootObject = C08773AA1B0E522800B4F5BF /* Project object */;
}
